
Microsoft Visual Studio Solution File, Format Version 12.00
Project("{FAE04EC0-301F-11D3-BF4B-00C04F79EFBC}") = "PizzaMauiApp1", "PizzaMauiApp1\PizzaMauiApp1.csproj", "{7D6ED233-55D9-4AFA-AD33-86AF570D6C59}"
EndProject
Global
	GlobalSection(SolutionConfigurationPlatforms) = preSolution
		Debug|Any CPU = Debug|Any CPU
		Release|Any CPU = Release|Any CPU
	EndGlobalSection
	GlobalSection(ProjectConfigurationPlatforms) = postSolution
		{7D6ED233-55D9-4AFA-AD33-86AF570D6C59}.Debug|Any CPU.ActiveCfg = Debug|Any CPU
		{7D6ED233-55D9-4AFA-AD33-86AF570D6C59}.Debug|Any CPU.Build.0 = Debug|Any CPU
		{7D6ED233-55D9-4AFA-AD33-86AF570D6C59}.Release|Any CPU.ActiveCfg = Release|Any CPU
		{7D6ED233-55D9-4AFA-AD33-86AF570D6C59}.Release|Any CPU.Build.0 = Release|Any CPU
	EndGlobalSection
EndGlobal
